
Microsoft Visual Studio Solution File, Format Version 12.00
# Visual Studio Version 17
VisualStudioVersion = 17.0.31912.275
MinimumVisualStudioVersion = 10.0.40219.1
Project("{9A19103F-16F7-4668-BE54-9A1E7A4F7556}") = "Rectangles", "Rectangles\Rectangles.csproj", "{C2B2D082-A32C-4C2A-A335-BE5405935AB6}"
EndProject
Project("{FAE04EC0-301F-11D3-BF4B-00C04F79EFBC}") = "RectanglesTests", "RectanglesTests\RectanglesTests.csproj", "{AD45F9D8-372C-4771-8110-27A3FC7DEF6D}"
EndProject
Global
	GlobalSection(SolutionConfigurationPlatforms) = preSolution
		Debug|Any CPU = Debug|Any CPU
		Release|Any CPU = Release|Any CPU
	EndGlobalSection
	GlobalSection(ProjectConfigurationPlatforms) = postSolution
		{C2B2D082-A32C-4C2A-A335-BE5405935AB6}.Debug|Any CPU.ActiveCfg = Debug|Any CPU
		{C2B2D082-A32C-4C2A-A335-BE5405935AB6}.Debug|Any CPU.Build.0 = Debug|Any CPU
		{C2B2D082-A32C-4C2A-A335-BE5405935AB6}.Release|Any CPU.ActiveCfg = Release|Any CPU
		{C2B2D082-A32C-4C2A-A335-BE5405935AB6}.Release|Any CPU.Build.0 = Release|Any CPU
		{AD45F9D8-372C-4771-8110-27A3FC7DEF6D}.Debug|Any CPU.ActiveCfg = Debug|Any CPU
		{AD45F9D8-372C-4771-8110-27A3FC7DEF6D}.Debug|Any CPU.Build.0 = Debug|Any CPU
		{AD45F9D8-372C-4771-8110-27A3FC7DEF6D}.Release|Any CPU.ActiveCfg = Release|Any CPU
		{AD45F9D8-372C-4771-8110-27A3FC7DEF6D}.Release|Any CPU.Build.0 = Release|Any CPU
	EndGlobalSection
	GlobalSection(SolutionProperties) = preSolution
		HideSolutionNode = FALSE
	EndGlobalSection
	GlobalSection(ExtensibilityGlobals) = postSolution
		SolutionGuid = {FF90B64F-7CBE-402D-A209-853AF899622E}
	EndGlobalSection
EndGlobal
